# THIS IS AN AUTOGENERATED FILE. DO NOT EDIT THIS FILE DIRECTLY.
# yarn lockfile v1


"@dawee/refmt-prebuilt-linux@3.4.0-1":
  version "3.4.0-1"
  resolved "https://registry.yarnpkg.com/@dawee/refmt-prebuilt-linux/-/refmt-prebuilt-linux-3.4.0-1.tgz#0712139c9f3926aba55a2eb8831b207a9aa0f520"
  integrity sha512-ksLsf31BCKh7BLQyOZ3q2DqAFgq0pRBqpyizZNqAoQOwmAGCaKM4YKpuBqXRHcKhvDXhvyD2ADK8cxW7907hqA==

"@dawee/refmt-prebuilt-mac@3.4.0":
  version "3.4.0"
  resolved "https://registry.yarnpkg.com/@dawee/refmt-prebuilt-mac/-/refmt-prebuilt-mac-3.4.0.tgz#22ebf10e1a2297aeb08b9e6b28ee1f139431a02e"
  integrity sha512-a+fqji6Ldl12kqmlANlHCxMg3xn+lXa0sduct5glC6QfVI2N5xSVS3Z9yySykAX49gW3N6eiiwfC8RxbgVcXdw==

"@dawee/refmt-prebuilt-windows@3.4.0-1":
  version "3.4.0-1"
  resolved "https://registry.yarnpkg.com/@dawee/refmt-prebuilt-windows/-/refmt-prebuilt-windows-3.4.0-1.tgz#fb1c0c2d6dac576422df5868186c941d54c3a6b2"
  integrity sha512-gBQOVFZ74JLeG+LgfMqECCSjYPGVAQo4HVslmNHaZxp5XD5zs65oNJjT0rArcsZ3KO5HeoJ97bCuDLz7Jx9v7g==
