# THIS IS AN AUTOGENERATED FILE. DO NOT EDIT THIS FILE DIRECTLY.
# yarn lockfile v1


"@dawee/ocamlformat-prebuilt-linux@0.9.0":
  version "0.9.0"
  resolved "https://registry.yarnpkg.com/@dawee/ocamlformat-prebuilt-linux/-/ocamlformat-prebuilt-linux-0.9.0.tgz#ec7476a7496fbc0c271a97bf53a4675292e24982"
  integrity sha512-KlPW1SRiW4vJIc1A693IerpqNtMY4rnigLr2R0QmmswAiLrGw5IuXgIv6sF3P2HfyASrYwnAvedIyDxCF5zogA==

"@dawee/ocamlformat-prebuilt-mac@0.9.0":
  version "0.9.0"
  resolved "https://registry.yarnpkg.com/@dawee/ocamlformat-prebuilt-mac/-/ocamlformat-prebuilt-mac-0.9.0.tgz#edfe7254931de935ed43f5555a4167f26179dbcf"
  integrity sha512-0ZYlnb0kV8pPnGD7UYKJOjkyZbl4UQ78Yimr+f9xRaJiDHxN72sGS1k7LrynB15uhh2fh1cGqtl+hNEiMA8IGQ==

"@dawee/ocamlformat-prebuilt-windows@0.9.0-3":
  version "0.9.0-3"
  resolved "https://registry.yarnpkg.com/@dawee/ocamlformat-prebuilt-windows/-/ocamlformat-prebuilt-windows-0.9.0-3.tgz#c2b2524f57f875f390f6ff271810da045e3b10a9"
  integrity sha512-GnZ1GKFH2EpE8Wsy+eQonPQI/UjpKrPGosbl4OLXqCriAMS88HqVty1Ph7nGDoYWGdRu+g0GNCXGw4h0wFE2gQ==
